
Microsoft Visual Studio Solution File, Format Version 12.00
# Visual Studio 14
VisualStudioVersion = 14.0.25420.1
MinimumVisualStudioVersion = 10.0.40219.1
Project("{FAE04EC0-301F-11D3-BF4B-00C04F79EFBC}") = "StrategyPattern", "StrategyPattern\StrategyPattern.csproj", "{35A537BD-1BF8-4593-9299-BC45DA04DC91}"
EndProject
Project("{FAE04EC0-301F-11D3-BF4B-00C04F79EFBC}") = "TemplateMethod", "TemplateMethod\TemplateMethod.csproj", "{DCCE926D-01DE-4F8C-98D6-F24C16AD2DF5}"
EndProject
Global
	GlobalSection(SolutionConfigurationPlatforms) = preSolution
		Debug|Any CPU = Debug|Any CPU
		Release|Any CPU = Release|Any CPU
	EndGlobalSection
	GlobalSection(ProjectConfigurationPlatforms) = postSolution
		{35A537BD-1BF8-4593-9299-BC45DA04DC91}.Debug|Any CPU.ActiveCfg = Debug|Any CPU
		{35A537BD-1BF8-4593-9299-BC45DA04DC91}.Debug|Any CPU.Build.0 = Debug|Any CPU
		{35A537BD-1BF8-4593-9299-BC45DA04DC91}.Release|Any CPU.ActiveCfg = Release|Any CPU
		{35A537BD-1BF8-4593-9299-BC45DA04DC91}.Release|Any CPU.Build.0 = Release|Any CPU
		{DCCE926D-01DE-4F8C-98D6-F24C16AD2DF5}.Debug|Any CPU.ActiveCfg = Debug|Any CPU
		{DCCE926D-01DE-4F8C-98D6-F24C16AD2DF5}.Debug|Any CPU.Build.0 = Debug|Any CPU
		{DCCE926D-01DE-4F8C-98D6-F24C16AD2DF5}.Release|Any CPU.ActiveCfg = Release|Any CPU
		{DCCE926D-01DE-4F8C-98D6-F24C16AD2DF5}.Release|Any CPU.Build.0 = Release|Any CPU
	EndGlobalSection
	GlobalSection(SolutionProperties) = preSolution
		HideSolutionNode = FALSE
	EndGlobalSection
EndGlobal
